// !$*UTF8*$!
{
	archiveVersion = 1;
	classes = {
	};
	objectVersion = 77;
	objects = {

/* Begin PBXBuildFile section */
		FFCBC4C02EE1C7D7008F5CD5 /* AppDelegate.swift in Sources */ = {isa = PBXBuildFile; fileRef = FFCBC4B42EE1C7D7008F5CD5 /* AppDelegate.swift */; };
		FFCBC4C12EE1C7D7008F5CD5 /* NewsApp.xcdatamodeld in Sources */ = {isa = PBXBuildFile; fileRef = FFCBC4BB2EE1C7D7008F5CD5 /* NewsApp.xcdatamodeld */; };
		FFCBC4C22EE1C7D7008F5CD5 /* SceneDelegate.swift in Sources */ = {isa = PBXBuildFile; fileRef = FFCBC4BC2EE1C7D7008F5CD5 /* SceneDelegate.swift */; };
		FFCBC4C32EE1C7D7008F5CD5 /* ViewController.swift in Sources */ = {isa = PBXBuildFile; fileRef = FFCBC4BD2EE1C7D7008F5CD5 /* ViewController.swift */; };
		FFCBC4C42EE1C7D7008F5CD5 /* Assets.xcassets in Resources */ = {isa = PBXBuildFile; fileRef = FFCBC4B52EE1C7D7008F5CD5 /* Assets.xcassets */; };
		FFCBC4CA2EE1C809008F5CD5 /* Cosmos in Frameworks */ = {isa = PBXBuildFile; productRef = FFCBC4C92EE1C809008F5CD5 /* Cosmos */; };
		FFCBC4CD2EE1C81F008F5CD5 /* Reachability in Frameworks */ = {isa = PBXBuildFile; productRef = FFCBC4CC2EE1C81F008F5CD5 /* Reachability */; };
		FFCBC4D02EE1C841008F5CD5 /* SDWebImage in Frameworks */ = {isa = PBXBuildFile; productRef = FFCBC4CF2EE1C841008F5CD5 /* SDWebImage */; };
		FFCBC4D22EE1C841008F5CD5 /* SDWebImageMapKit in Frameworks */ = {isa = PBXBuildFile; productRef = FFCBC4D12EE1C841008F5CD5 /* SDWebImageMapKit */; };
		FFCBC4DA2EE1C88B008F5CD5 /* NewsController.swift in Sources */ = {isa = PBXBuildFile; fileRef = FFCBC4D92EE1C88B008F5CD5 /* NewsController.swift */; };
		FFCBC4DC2EE1C88F008F5CD5 /* NewsCell.swift in Sources */ = {isa = PBXBuildFile; fileRef = FFCBC4DB2EE1C88F008F5CD5 /* NewsCell.swift */; };
		FFCBC4DE2EE1C893008F5CD5 /* DeatilsViewController.swift in Sources */ = {isa = PBXBuildFile; fileRef = FFCBC4DD2EE1C893008F5CD5 /* DeatilsViewController.swift */; };
		FFCBC4E02EE1C899008F5CD5 /* FavoriteTableViewController.swift in Sources */ = {isa = PBXBuildFile; fileRef = FFCBC4DF2EE1C899008F5CD5 /* FavoriteTableViewController.swift */; };
		FFCBC4E22EE1C89F008F5CD5 /* NewsPOJO.swift in Sources */ = {isa = PBXBuildFile; fileRef = FFCBC4E12EE1C89F008F5CD5 /* NewsPOJO.swift */; };
		FFCBC4F02EE1D042008F5CD5 /* Main.storyboard in Resources */ = {isa = PBXBuildFile; fileRef = FFCBC4EF2EE1D042008F5CD5 /* Main.storyboard */; };
		FFCBC4F32EE1D050008F5CD5 /* LaunchScreen.storyboard in Resources */ = {isa = PBXBuildFile; fileRef = FFCBC4F22EE1D050008F5CD5 /* LaunchScreen.storyboard */; };
/* End PBXBuildFile section */

/* Begin PBXFileReference section */
		FFCBC4992EE1C7B7008F5CD5 /* NewsApp.app */ = {isa = PBXFileReference; explicitFileType = wrapper.application; includeInIndex = 0; path = NewsApp.app; sourceTree = BUILT_PRODUCTS_DIR; };
		FFCBC4B42EE1C7D7008F5CD5 /* AppDelegate.swift */ = {isa = PBXFileReference; lastKnownFileType = sourcecode.swift; path = AppDelegate.swift; sourceTree = "<group>"; };
		FFCBC4B52EE1C7D7008F5CD5 /* Assets.xcassets */ = {isa = PBXFileReference; lastKnownFileType = folder.assetcatalog; path = Assets.xcassets; sourceTree = "<group>"; };
		FFCBC4B62EE1C7D7008F5CD5 /* Info.plist */ = {isa = PBXFileReference; lastKnownFileType = text.plist.xml; path = Info.plist; sourceTree = "<group>"; };
		FFCBC4BC2EE1C7D7008F5CD5 /* SceneDelegate.swift */ = {isa = PBXFileReference; lastKnownFileType = sourcecode.swift; path = SceneDelegate.swift; sourceTree = "<group>"; };
		FFCBC4BD2EE1C7D7008F5CD5 /* ViewController.swift */ = {isa = PBXFileReference; lastKnownFileType = sourcecode.swift; path = ViewController.swift; sourceTree = "<group>"; };
		FFCBC4BF2EE1C7D7008F5CD5 /* NewsApp.xcdatamodel */ = {isa = PBXFileReference; lastKnownFileType = wrapper.xcdatamodel; path = NewsApp.xcdatamodel; sourceTree = "<group>"; };
		FFCBC4D92EE1C88B008F5CD5 /* NewsController.swift */ = {isa = PBXFileReference; lastKnownFileType = sourcecode.swift; path = NewsController.swift; sourceTree = "<group>"; };
		FFCBC4DB2EE1C88F008F5CD5 /* NewsCell.swift */ = {isa = PBXFileReference; lastKnownFileType = sourcecode.swift; path = NewsCell.swift; sourceTree = "<group>"; };
		FFCBC4DD2EE1C893008F5CD5 /* DeatilsViewController.swift */ = {isa = PBXFileReference; lastKnownFileType = sourcecode.swift; path = DeatilsViewController.swift; sourceTree = "<group>"; };
		FFCBC4DF2EE1C899008F5CD5 /* FavoriteTableViewController.swift */ = {isa = PBXFileReference; lastKnownFileType = sourcecode.swift; path = FavoriteTableViewController.swift; sourceTree = "<group>"; };
		FFCBC4E12EE1C89F008F5CD5 /* NewsPOJO.swift */ = {isa = PBXFileReference; lastKnownFileType = sourcecode.swift; path = NewsPOJO.swift; sourceTree = "<group>"; };
		FFCBC4EE2EE1D042008F5CD5 /* Main.storyboard */ = {isa = PBXFileReference; lastKnownFileType = file.storyboard; name = Main.storyboard; path = Base.lproj/Main.storyboard; sourceTree = "<group>"; };
		FFCBC4F12EE1D050008F5CD5 /* LaunchScreen.storyboard */ = {isa = PBXFileReference; lastKnownFileType = file.storyboard; name = LaunchScreen.storyboard; path = Base.lproj/LaunchScreen.storyboard; sourceTree = "<group>"; };
/* End PBXFileReference section */

/* Begin PBXFrameworksBuildPhase section */
		FFCBC4962EE1C7B7008F5CD5 /* Frameworks */ = {
			isa = PBXFrameworksBuildPhase;
			buildActionMask = 2147483647;
			files = (
				FFCBC4D02EE1C841008F5CD5 /* SDWebImage in Frameworks */,
				FFCBC4CA2EE1C809008F5CD5 /* Cosmos in Frameworks */,
				FFCBC4D22EE1C841008F5CD5 /* SDWebImageMapKit in Frameworks */,
				FFCBC4CD2EE1C81F008F5CD5 /* Reachability in Frameworks */,
			);
			runOnlyForDeploymentPostprocessing = 0;
		};
/* End PBXFrameworksBuildPhase section */

/* Begin PBXGroup section */
		FFCBC4902EE1C7B7008F5CD5 = {
			isa = PBXGroup;
			children = (
				FFCBC4BE2EE1C7D7008F5CD5 /* NewsApp */,
				FFCBC49A2EE1C7B7008F5CD5 /* Products */,
			);
			sourceTree = "<group>";
		};
		FFCBC49A2EE1C7B7008F5CD5 /* Products */ = {
			isa = PBXGroup;
			children = (
				FFCBC4992EE1C7B7008F5CD5 /* NewsApp.app */,
			);
			name = Products;
			sourceTree = "<group>";
		};
		FFCBC4BE2EE1C7D7008F5CD5 /* NewsApp */ = {
			isa = PBXGroup;
			children = (
				FFCBC4B42EE1C7D7008F5CD5 /* AppDelegate.swift */,
				FFCBC4B52EE1C7D7008F5CD5 /* Assets.xcassets */,
				FFCBC4B62EE1C7D7008F5CD5 /* Info.plist */,
				FFCBC4BB2EE1C7D7008F5CD5 /* NewsApp.xcdatamodeld */,
				FFCBC4BC2EE1C7D7008F5CD5 /* SceneDelegate.swift */,
				FFCBC4BD2EE1C7D7008F5CD5 /* ViewController.swift */,
				FFCBC4D92EE1C88B008F5CD5 /* NewsController.swift */,
				FFCBC4DB2EE1C88F008F5CD5 /* NewsCell.swift */,
				FFCBC4DD2EE1C893008F5CD5 /* DeatilsViewController.swift */,
				FFCBC4DF2EE1C899008F5CD5 /* FavoriteTableViewController.swift */,
				FFCBC4E12EE1C89F008F5CD5 /* NewsPOJO.swift */,
				FFCBC4EF2EE1D042008F5CD5 /* Main.storyboard */,
				FFCBC4F22EE1D050008F5CD5 /* LaunchScreen.storyboard */,
			);
			path = NewsApp;
			sourceTree = "<group>";
		};
/* End PBXGroup section */

/* Begin PBXNativeTarget section */
		FFCBC4982EE1C7B7008F5CD5 /* NewsApp */ = {
			isa = PBXNativeTarget;
			buildConfigurationList = FFCBC4AF2EE1C7BA008F5CD5 /* Build configuration list for PBXNativeTarget "NewsApp" */;
			buildPhases = (
				FFCBC4952EE1C7B7008F5CD5 /* Sources */,
				FFCBC4962EE1C7B7008F5CD5 /* Frameworks */,
				FFCBC4972EE1C7B7008F5CD5 /* Resources */,
			);
			buildRules = (
			);
			dependencies = (
			);
			name = NewsApp;
			packageProductDependencies = (
				FFCBC4C92EE1C809008F5CD5 /* Cosmos */,
				FFCBC4CC2EE1C81F008F5CD5 /* Reachability */,
				FFCBC4CF2EE1C841008F5CD5 /* SDWebImage */,
				FFCBC4D12EE1C841008F5CD5 /* SDWebImageMapKit */,
			);
			productName = NewsApp;
			productReference = FFCBC4992EE1C7B7008F5CD5 /* NewsApp.app */;
			productType = "com.apple.product-type.application";
		};
/* End PBXNativeTarget section */

/* Begin PBXProject section */
		FFCBC4912EE1C7B7008F5CD5 /* Project object */ = {
			isa = PBXProject;
			attributes = {
				BuildIndependentTargetsInParallel = 1;
				LastSwiftUpdateCheck = 1610;
				LastUpgradeCheck = 1610;
				TargetAttributes = {
					FFCBC4982EE1C7B7008F5CD5 = {
						CreatedOnToolsVersion = 16.1;
					};
				};
			};
			buildConfigurationList = FFCBC4942EE1C7B7008F5CD5 /* Build configuration list for PBXProject "NewsApp" */;
			developmentRegion = en;
			hasScannedForEncodings = 0;
			knownRegions = (
				en,
				Base,
			);
			mainGroup = FFCBC4902EE1C7B7008F5CD5;
			minimizedProjectReferenceProxies = 1;
			packageReferences = (
				FFCBC4C82EE1C809008F5CD5 /* XCRemoteSwiftPackageReference "Cosmos" */,
				FFCBC4CB2EE1C81F008F5CD5 /* XCRemoteSwiftPackageReference "Reachability.swift" */,
				FFCBC4CE2EE1C841008F5CD5 /* XCRemoteSwiftPackageReference "SDWebImage" */,
			);
			preferredProjectObjectVersion = 77;
			productRefGroup = FFCBC49A2EE1C7B7008F5CD5 /* Products */;
			projectDirPath = "";
			projectRoot = "";
			targets = (
				FFCBC4982EE1C7B7008F5CD5 /* NewsApp */,
			);
		};
/* End PBXProject section */

/* Begin PBXResourcesBuildPhase section */
		FFCBC4972EE1C7B7008F5CD5 /* Resources */ = {
			isa = PBXResourcesBuildPhase;
			buildActionMask = 2147483647;
			files = (
				FFCBC4F32EE1D050008F5CD5 /* LaunchScreen.storyboard in Resources */,
				FFCBC4C42EE1C7D7008F5CD5 /* Assets.xcassets in Resources */,
				FFCBC4F02EE1D042008F5CD5 /* Main.storyboard in Resources */,
			);
			runOnlyForDeploymentPostprocessing = 0;
		};
/* End PBXResourcesBuildPhase section */

/* Begin PBXSourcesBuildPhase section */
		FFCBC4952EE1C7B7008F5CD5 /* Sources */ = {
			isa = PBXSourcesBuildPhase;
			buildActionMask = 2147483647;
			files = (
				FFCBC4C02EE1C7D7008F5CD5 /* AppDelegate.swift in Sources */,
				FFCBC4E02EE1C899008F5CD5 /* FavoriteTableViewController.swift in Sources */,
				FFCBC4C12EE1C7D7008F5CD5 /* NewsApp.xcdatamodeld in Sources */,
				FFCBC4DE2EE1C893008F5CD5 /* DeatilsViewController.swift in Sources */,
				FFCBC4C22EE1C7D7008F5CD5 /* SceneDelegate.swift in Sources */,
				FFCBC4E22EE1C89F008F5CD5 /* NewsPOJO.swift in Sources */,
				FFCBC4DA2EE1C88B008F5CD5 /* NewsController.swift in Sources */,
				FFCBC4DC2EE1C88F008F5CD5 /* NewsCell.swift in Sources */,
				FFCBC4C32EE1C7D7008F5CD5 /* ViewController.swift in Sources */,
			);
			runOnlyForDeploymentPostprocessing = 0;
		};
/* End PBXSourcesBuildPhase section */

/* Begin PBXVariantGroup section */
		FFCBC4EF2EE1D042008F5CD5 /* Main.storyboard */ = {
			isa = PBXVariantGroup;
			children = (
				FFCBC4EE2EE1D042008F5CD5 /* Main.storyboard */,
			);
			name = Main.storyboard;
			sourceTree = "<group>";
		};
		FFCBC4F22EE1D050008F5CD5 /* LaunchScreen.storyboard */ = {
			isa = PBXVariantGroup;
			children = (
				FFCBC4F12EE1D050008F5CD5 /* LaunchScreen.storyboard */,
			);
			name = LaunchScreen.storyboard;
			sourceTree = "<group>";
		};
/* End PBXVariantGroup section */

/* Begin XCBuildConfiguration section */
		FFCBC4B02EE1C7BA008F5CD5 /* Debug */ = {
			isa = XCBuildConfiguration;
			buildSettings = {
				ASSETCATALOG_COMPILER_APPICON_NAME = AppIcon;
				ASSETCATALOG_COMPILER_GLOBAL_ACCENT_COLOR_NAME = AccentColor;
				CODE_SIGN_STYLE = Automatic;
				CURRENT_PROJECT_VERSION = 1;
				GENERATE_INFOPLIST_FILE = YES;
				INFOPLIST_FILE = NewsApp/Info.plist;
				INFOPLIST_KEY_UIApplicationSupportsIndirectInputEvents = YES;
				INFOPLIST_KEY_UILaunchStoryboardName = LaunchScreen;
				INFOPLIST_KEY_UIMainStoryboardFile = Main;
				INFOPLIST_KEY_UISupportedInterfaceOrientations_iPad = "UIInterfaceOrientationPortrait UIInterfaceOrientationPortraitUpsideDown UIInterfaceOrientationLandscapeLeft UIInterfaceOrientationLandscapeRight";
				INFOPLIST_KEY_UISupportedInterfaceOrientations_iPhone = "UIInterfaceOrientationPortrait UIInterfaceOrientationLandscapeLeft UIInterfaceOrientationLandscapeRight";
				LD_RUNPATH_SEARCH_PATHS = (
					"$(inherited)",
					"@executable_path/Frameworks",
				);
				MARKETING_VERSION = 1.0;
				PRODUCT_BUNDLE_IDENTIFIER = iti.NewsApp;
				PRODUCT_NAME = "$(TARGET_NAME)";
				SWIFT_EMIT_LOC_STRINGS = YES;
				SWIFT_VERSION = 5.0;
				TARGETED_DEVICE_FAMILY = "1,2";
			};
			name = Debug;
		};
		FFCBC4B12EE1C7BA008F5CD5 /* Release */ = {
			isa = XCBuildConfiguration;
			buildSettings = {
				ASSETCATALOG_COMPILER_APPICON_NAME = AppIcon;
				ASSETCATALOG_COMPILER_GLOBAL_ACCENT_COLOR_NAME = AccentColor;
				CODE_SIGN_STYLE = Automatic;
				CURRENT_PROJECT_VERSION = 1;
				GENERATE_INFOPLIST_FILE = YES;
				INFOPLIST_FILE = NewsApp/Info.plist;
				INFOPLIST_KEY_UIApplicationSupportsIndirectInputEvents = YES;
				INFOPLIST_KEY_UILaunchStoryboardName = LaunchScreen;
				INFOPLIST_KEY_UIMainStoryboardFile = Main;
				INFOPLIST_KEY_UISupportedInterfaceOrientations_iPad = "UIInterfaceOrientationPortrait UIInterfaceOrientationPortraitUpsideDown UIInterfaceOrientationLandscapeLeft UIInterfaceOrientationLandscapeRight";
				INFOPLIST_KEY_UISupportedInterfaceOrientations_iPhone = "UIInterfaceOrientationPortrait UIInterfaceOrientationLandscapeLeft UIInterfaceOrientationLandscapeRight";
				LD_RUNPATH_SEARCH_PATHS = (
					"$(inherited)",
					"@executable_path/Frameworks",
				);
				MARKETING_VERSION = 1.0;
				PRODUCT_BUNDLE_IDENTIFIER = iti.NewsApp;
				PRODUCT_NAME = "$(TARGET_NAME)";
				SWIFT_EMIT_LOC_STRINGS = YES;
				SWIFT_VERSION = 5.0;
				TARGETED_DEVICE_FAMILY = "1,2";
			};
			name = Release;
		};
		FFCBC4B22EE1C7BA008F5CD5 /* Debug */ = {
			isa = XCBuildConfiguration;
			buildSettings = {
				ALWAYS_SEARCH_USER_PATHS = NO;
				ASSETCATALOG_COMPILER_GENERATE_SWIFT_ASSET_SYMBOL_EXTENSIONS = YES;
				CLANG_ANALYZER_NONNULL = YES;
				CLANG_ANALYZER_NUMBER_OBJECT_CONVERSION = YES_AGGRESSIVE;
				CLANG_CXX_LANGUAGE_STANDARD = "gnu++20";
				CLANG_ENABLE_MODULES = YES;
				CLANG_ENABLE_OBJC_ARC = YES;
				CLANG_ENABLE_OBJC_WEAK = YES;
				CLANG_WARN_BLOCK_CAPTURE_AUTORELEASING = YES;
				CLANG_WARN_BOOL_CONVERSION = YES;
				CLANG_WARN_COMMA = YES;
				CLANG_WARN_CONSTANT_CONVERSION = YES;
				CLANG_WARN_DEPRECATED_OBJC_IMPLEMENTATIONS = YES;
				CLANG_WARN_DIRECT_OBJC_ISA_USAGE = YES_ERROR;
				CLANG_WARN_DOCUMENTATION_COMMENTS = YES;
				CLANG_WARN_EMPTY_BODY = YES;
				CLANG_WARN_ENUM_CONVERSION = YES;
				CLANG_WARN_INFINITE_RECURSION = YES;
				CLANG_WARN_INT_CONVERSION = YES;
				CLANG_WARN_NON_LITERAL_NULL_CONVERSION = YES;
				CLANG_WARN_OBJC_IMPLICIT_RETAIN_SELF = YES;
				CLANG_WARN_OBJC_LITERAL_CONVERSION = YES;
				CLANG_WARN_OBJC_ROOT_CLASS = YES_ERROR;
				CLANG_WARN_QUOTED_INCLUDE_IN_FRAMEWORK_HEADER = YES;
				CLANG_WARN_RANGE_LOOP_ANALYSIS = YES;
				CLANG_WARN_STRICT_PROTOTYPES = YES;
				CLANG_WARN_SUSPICIOUS_MOVE = YES;
				CLANG_WARN_UNGUARDED_AVAILABILITY = YES_AGGRESSIVE;
				CLANG_WARN_UNREACHABLE_CODE = YES;
				CLANG_WARN__DUPLICATE_METHOD_MATCH = YES;
				COPY_PHASE_STRIP = NO;
				DEBUG_INFORMATION_FORMAT = dwarf;
				ENABLE_STRICT_OBJC_MSGSEND = YES;
				ENABLE_TESTABILITY = YES;
				ENABLE_USER_SCRIPT_SANDBOXING = YES;
				GCC_C_LANGUAGE_STANDARD = gnu17;
				GCC_DYNAMIC_NO_PIC = NO;
				GCC_NO_COMMON_BLOCKS = YES;
				GCC_OPTIMIZATION_LEVEL = 0;
				GCC_PREPROCESSOR_DEFINITIONS = (
					"DEBUG=1",
					"$(inherited)",
				);
				GCC_WARN_64_TO_32_BIT_CONVERSION = YES;
				GCC_WARN_ABOUT_RETURN_TYPE = YES_ERROR;
				GCC_WARN_UNDECLARED_SELECTOR = YES;
				GCC_WARN_UNINITIALIZED_AUTOS = YES_AGGRESSIVE;
				GCC_WARN_UNUSED_FUNCTION = YES;
				GCC_WARN_UNUSED_VARIABLE = YES;
				IPHONEOS_DEPLOYMENT_TARGET = 18.1;
				LOCALIZATION_PREFERS_STRING_CATALOGS = YES;
				MTL_ENABLE_DEBUG_INFO = INCLUDE_SOURCE;
				MTL_FAST_MATH = YES;
				ONLY_ACTIVE_ARCH = YES;
				SDKROOT = iphoneos;
				SWIFT_ACTIVE_COMPILATION_CONDITIONS = "DEBUG $(inherited)";
				SWIFT_OPTIMIZATION_LEVEL = "-Onone";
			};
			name = Debug;
		};
		FFCBC4B32EE1C7BA008F5CD5 /* Release */ = {
			isa = XCBuildConfiguration;
			buildSettings = {
				ALWAYS_SEARCH_USER_PATHS = NO;
				ASSETCATALOG_COMPILER_GENERATE_SWIFT_ASSET_SYMBOL_EXTENSIONS = YES;
				CLANG_ANALYZER_NONNULL = YES;
				CLANG_ANALYZER_NUMBER_OBJECT_CONVERSION = YES_AGGRESSIVE;
				CLANG_CXX_LANGUAGE_STANDARD = "gnu++20";
				CLANG_ENABLE_MODULES = YES;
				CLANG_ENABLE_OBJC_ARC = YES;
				CLANG_ENABLE_OBJC_WEAK = YES;
				CLANG_WARN_BLOCK_CAPTURE_AUTORELEASING = YES;
				CLANG_WARN_BOOL_CONVERSION = YES;
				CLANG_WARN_COMMA = YES;
				CLANG_WARN_CONSTANT_CONVERSION = YES;
				CLANG_WARN_DEPRECATED_OBJC_IMPLEMENTATIONS = YES;
				CLANG_WARN_DIRECT_OBJC_ISA_USAGE = YES_ERROR;
				CLANG_WARN_DOCUMENTATION_COMMENTS = YES;
				CLANG_WARN_EMPTY_BODY = YES;
				CLANG_WARN_ENUM_CONVERSION = YES;
				CLANG_WARN_INFINITE_RECURSION = YES;
				CLANG_WARN_INT_CONVERSION = YES;
				CLANG_WARN_NON_LITERAL_NULL_CONVERSION = YES;
				CLANG_WARN_OBJC_IMPLICIT_RETAIN_SELF = YES;
				CLANG_WARN_OBJC_LITERAL_CONVERSION = YES;
				CLANG_WARN_OBJC_ROOT_CLASS = YES_ERROR;
				CLANG_WARN_QUOTED_INCLUDE_IN_FRAMEWORK_HEADER = YES;
				CLANG_WARN_RANGE_LOOP_ANALYSIS = YES;
				CLANG_WARN_STRICT_PROTOTYPES = YES;
				CLANG_WARN_SUSPICIOUS_MOVE = YES;
				CLANG_WARN_UNGUARDED_AVAILABILITY = YES_AGGRESSIVE;
				CLANG_WARN_UNREACHABLE_CODE = YES;
				CLANG_WARN__DUPLICATE_METHOD_MATCH = YES;
				COPY_PHASE_STRIP = NO;
				DEBUG_INFORMATION_FORMAT = "dwarf-with-dsym";
				ENABLE_NS_ASSERTIONS = NO;
				ENABLE_STRICT_OBJC_MSGSEND = YES;
				ENABLE_USER_SCRIPT_SANDBOXING = YES;
				GCC_C_LANGUAGE_STANDARD = gnu17;
				GCC_NO_COMMON_BLOCKS = YES;
				GCC_WARN_64_TO_32_BIT_CONVERSION = YES;
				GCC_WARN_ABOUT_RETURN_TYPE = YES_ERROR;
				GCC_WARN_UNDECLARED_SELECTOR = YES;
				GCC_WARN_UNINITIALIZED_AUTOS = YES_AGGRESSIVE;
				GCC_WARN_UNUSED_FUNCTION = YES;
				GCC_WARN_UNUSED_VARIABLE = YES;
				IPHONEOS_DEPLOYMENT_TARGET = 18.1;
				LOCALIZATION_PREFERS_STRING_CATALOGS = YES;
				MTL_ENABLE_DEBUG_INFO = NO;
				MTL_FAST_MATH = YES;
				SDKROOT = iphoneos;
				SWIFT_COMPILATION_MODE = wholemodule;
				VALIDATE_PRODUCT = YES;
			};
			name = Release;
		};
/* End XCBuildConfiguration section */

/* Begin XCConfigurationList section */
		FFCBC4942EE1C7B7008F5CD5 /* Build configuration list for PBXProject "NewsApp" */ = {
			isa = XCConfigurationList;
			buildConfigurations = (
				FFCBC4B22EE1C7BA008F5CD5 /* Debug */,
				FFCBC4B32EE1C7BA008F5CD5 /* Release */,
			);
			defaultConfigurationIsVisible = 0;
			defaultConfigurationName = Release;
		};
		FFCBC4AF2EE1C7BA008F5CD5 /* Build configuration list for PBXNativeTarget "NewsApp" */ = {
			isa = XCConfigurationList;
			buildConfigurations = (
				FFCBC4B02EE1C7BA008F5CD5 /* Debug */,
				FFCBC4B12EE1C7BA008F5CD5 /* Release */,
			);
			defaultConfigurationIsVisible = 0;
			defaultConfigurationName = Release;
		};
/* End XCConfigurationList section */

/* Begin XCRemoteSwiftPackageReference section */
		FFCBC4C82EE1C809008F5CD5 /* XCRemoteSwiftPackageReference "Cosmos" */ = {
			isa = XCRemoteSwiftPackageReference;
			repositoryURL = "https://github.com/evgenyneu/Cosmos.git";
			requirement = {
				kind = upToNextMajorVersion;
				minimumVersion = 25.0.1;
			};
		};
		FFCBC4CB2EE1C81F008F5CD5 /* XCRemoteSwiftPackageReference "Reachability.swift" */ = {
			isa = XCRemoteSwiftPackageReference;
			repositoryURL = "https://github.com/ashleymills/Reachability.swift.git";
			requirement = {
				branch = master;
				kind = branch;
			};
		};
		FFCBC4CE2EE1C841008F5CD5 /* XCRemoteSwiftPackageReference "SDWebImage" */ = {
			isa = XCRemoteSwiftPackageReference;
			repositoryURL = "https://github.com/SDWebImage/SDWebImage";
			requirement = {
				kind = upToNextMajorVersion;
				minimumVersion = 5.21.5;
			};
		};
/* End XCRemoteSwiftPackageReference section */

/* Begin XCSwiftPackageProductDependency section */
		FFCBC4C92EE1C809008F5CD5 /* Cosmos */ = {
			isa = XCSwiftPackageProductDependency;
			package = FFCBC4C82EE1C809008F5CD5 /* XCRemoteSwiftPackageReference "Cosmos" */;
			productName = Cosmos;
		};
		FFCBC4CC2EE1C81F008F5CD5 /* Reachability */ = {
			isa = XCSwiftPackageProductDependency;
			package = FFCBC4CB2EE1C81F008F5CD5 /* XCRemoteSwiftPackageReference "Reachability.swift" */;
			productName = Reachability;
		};
		FFCBC4CF2EE1C841008F5CD5 /* SDWebImage */ = {
			isa = XCSwiftPackageProductDependency;
			package = FFCBC4CE2EE1C841008F5CD5 /* XCRemoteSwiftPackageReference "SDWebImage" */;
			productName = SDWebImage;
		};
		FFCBC4D12EE1C841008F5CD5 /* SDWebImageMapKit */ = {
			isa = XCSwiftPackageProductDependency;
			package = FFCBC4CE2EE1C841008F5CD5 /* XCRemoteSwiftPackageReference "SDWebImage" */;
			productName = SDWebImageMapKit;
		};
/* End XCSwiftPackageProductDependency section */

/* Begin XCVersionGroup section */
		FFCBC4BB2EE1C7D7008F5CD5 /* NewsApp.xcdatamodeld */ = {
			isa = XCVersionGroup;
			children = (
				FFCBC4BF2EE1C7D7008F5CD5 /* NewsApp.xcdatamodel */,
			);
			currentVersion = FFCBC4BF2EE1C7D7008F5CD5 /* NewsApp.xcdatamodel */;
			path = NewsApp.xcdatamodeld;
			sourceTree = "<group>";
			versionGroupType = wrapper.xcdatamodel;
		};
/* End XCVersionGroup section */
	};
	rootObject = FFCBC4912EE1C7B7008F5CD5 /* Project object */;
}
